<?xml version="1.0" encoding="utf-8"?>
<Project ToolsVersion="4.0" xmlns="http://schemas.microsoft.com/developer/msbuild/2003">
  <ItemGroup>
    <ClCompile Include="main.cpp">
      <Filter>Main</Filter>
    </ClCompile>
    <ClCompile Include="leds\core\color.cpp">
      <Filter>LED Core</Filter>
    </ClCompile>
    <ClCompile Include="leds\core\led_driver.cpp">
      <Filter>LED Core</Filter>
    </ClCompile>
    <ClCompile Include="leds\core\platforms\esp_driver.cpp">
      <Filter>LED Core\Platforms</Filter>
    </ClCompile>
    <ClCompile Include="leds\core\platforms\win_dla_driver.cpp">
      <Filter>LED Core\Platforms</Filter>
    </ClCompile>
  </ItemGroup>
  <ItemGroup>
    <Filter Include="Main">
      <UniqueIdentifier>{dd49d412-2ed5-48c1-bf4c-b6a8439e24f6}</UniqueIdentifier>
    </Filter>
    <Filter Include="LED Core">
      <UniqueIdentifier>{c97a99f5-67be-4511-8f36-499436c6992b}</UniqueIdentifier>
    </Filter>
    <Filter Include="LED Patterns">
      <UniqueIdentifier>{2ef49a75-096e-45e4-a627-d47317eaa4a1}</UniqueIdentifier>
    </Filter>
    <Filter Include="LED Core\Platforms">
      <UniqueIdentifier>{85f2a3ae-e615-44a1-a849-3393e47a196a}</UniqueIdentifier>
    </Filter>
  </ItemGroup>
  <ItemGroup>
    <ClInclude Include="leds\core\color.h">
      <Filter>LED Core</Filter>
    </ClInclude>
    <ClInclude Include="leds\core\colors.h">
      <Filter>LED Core</Filter>
    </ClInclude>
    <ClInclude Include="leds\core\led_driver.h">
      <Filter>LED Core</Filter>
    </ClInclude>
    <ClInclude Include="leds\patterns\color_pattern.h">
      <Filter>LED Patterns</Filter>
    </ClInclude>
    <ClInclude Include="leds\patterns\fade_pattern.h">
      <Filter>LED Patterns</Filter>
    </ClInclude>
    <ClInclude Include="leds\patterns\solid_color.h">
      <Filter>LED Patterns</Filter>
    </ClInclude>
    <ClInclude Include="leds\core\platforms\platform_driver.h">
      <Filter>LED Core\Platforms</Filter>
    </ClInclude>
  </ItemGroup>
</Project>